
Microsoft Visual Studio Solution File, Format Version 12.00
# Visual Studio Version 16
VisualStudioVersion = 16.0.31105.61
MinimumVisualStudioVersion = 10.0.40219.1
Project("{FAE04EC0-301F-11D3-BF4B-00C04F79EFBC}") = "FirstAppDemo", "FirstAppDemo\FirstAppDemo.csproj", "{142C05DF-96FF-46AE-9531-019AE691D0AD}"
EndProject
Global
	GlobalSection(SolutionConfigurationPlatforms) = preSolution
		Debug|Any CPU = Debug|Any CPU
		Release|Any CPU = Release|Any CPU
	EndGlobalSection
	GlobalSection(ProjectConfigurationPlatforms) = postSolution
		{142C05DF-96FF-46AE-9531-019AE691D0AD}.Debug|Any CPU.ActiveCfg = Debug|Any CPU
		{142C05DF-96FF-46AE-9531-019AE691D0AD}.Debug|Any CPU.Build.0 = Debug|Any CPU
		{142C05DF-96FF-46AE-9531-019AE691D0AD}.Release|Any CPU.ActiveCfg = Release|Any CPU
		{142C05DF-96FF-46AE-9531-019AE691D0AD}.Release|Any CPU.Build.0 = Release|Any CPU
	EndGlobalSection
	GlobalSection(SolutionProperties) = preSolution
		HideSolutionNode = FALSE
	EndGlobalSection
	GlobalSection(ExtensibilityGlobals) = postSolution
		SolutionGuid = {54F20429-189D-4FA3-AA40-90A530D1F8BC}
	EndGlobalSection
EndGlobal
